
Microsoft Visual Studio Solution File, Format Version 12.00
# Visual Studio Version 16
VisualStudioVersion = 16.0.31515.178
MinimumVisualStudioVersion = 10.0.40219.1
Project("{FAE04EC0-301F-11D3-BF4B-00C04F79EFBC}") = "Shopping List", "Shopping List.csproj", "{BB5EA3E9-CB71-4832-AF37-7D716509B7E7}"
EndProject
Global
	GlobalSection(SolutionConfigurationPlatforms) = preSolution
		Debug|Any CPU = Debug|Any CPU
		Release|Any CPU = Release|Any CPU
	EndGlobalSection
	GlobalSection(ProjectConfigurationPlatforms) = postSolution
		{BB5EA3E9-CB71-4832-AF37-7D716509B7E7}.Debug|Any CPU.ActiveCfg = Debug|Any CPU
		{BB5EA3E9-CB71-4832-AF37-7D716509B7E7}.Debug|Any CPU.Build.0 = Debug|Any CPU
		{BB5EA3E9-CB71-4832-AF37-7D716509B7E7}.Release|Any CPU.ActiveCfg = Release|Any CPU
		{BB5EA3E9-CB71-4832-AF37-7D716509B7E7}.Release|Any CPU.Build.0 = Release|Any CPU
	EndGlobalSection
	GlobalSection(SolutionProperties) = preSolution
		HideSolutionNode = FALSE
	EndGlobalSection
	GlobalSection(ExtensibilityGlobals) = postSolution
		SolutionGuid = {2D216432-3AC4-41FD-8E74-E32F2CC97D14}
	EndGlobalSection
EndGlobal
